
Microsoft Visual Studio Solution File, Format Version 12.00
# Visual Studio Version 16
VisualStudioVersion = 16.0.30114.128
MinimumVisualStudioVersion = 10.0.40219.1
Project("{2150E333-8FDC-42A3-9474-1A3956D46DE8}") = "Sample", "Sample", "{F9D81A25-3964-47C3-8D64-4914424867A5}"
EndProject
Project("{9A19103F-16F7-4668-BE54-9A1E7A4F7556}") = "SampleMvc", "SampleMvc\SampleMvc.csproj", "{E30EDCAC-1761-4FA8-80C3-C595520DE842}"
EndProject
Project("{9A19103F-16F7-4668-BE54-9A1E7A4F7556}") = "WebApiSample", "WebApiSample\WebApiSample.csproj", "{067B70D4-8706-4283-9A55-309775DA91AC}"
EndProject
Project("{9A19103F-16F7-4668-BE54-9A1E7A4F7556}") = "PipelineAndMiddleware", "PipelineAndMiddleware\PipelineAndMiddleware.csproj", "{CAB84B45-D33E-4CDD-8D9F-D90B5DE0475E}"
EndProject
Project("{9A19103F-16F7-4668-BE54-9A1E7A4F7556}") = "CustomerDelegateMIddleware", "CustomerDelegateMIddleware\CustomerDelegateMIddleware.csproj", "{95E3008B-98FD-4F91-AF98-2B17102D1E1D}"
EndProject
Project("{9A19103F-16F7-4668-BE54-9A1E7A4F7556}") = "FileServerAndRoute", "FileServerAndRoute\FileServerAndRoute.csproj", "{CAE975F5-2F67-4F2D-B886-615F92ABF2FB}"
EndProject
Project("{2150E333-8FDC-42A3-9474-1A3956D46DE8}") = "Middleware", "Middleware", "{2E3C9FF9-9A27-4599-BC89-929375091BC3}"
EndProject
Project("{2150E333-8FDC-42A3-9474-1A3956D46DE8}") = "FileServerAndRoute", "FileServerAndRoute", "{EA4B8464-893B-4B87-B9DB-1D643E7BBFEC}"
EndProject
Project("{2150E333-8FDC-42A3-9474-1A3956D46DE8}") = "WebApi", "WebApi", "{825CC08D-ADE4-46B9-9A98-E2575307CBDB}"
EndProject
Project("{2150E333-8FDC-42A3-9474-1A3956D46DE8}") = "6.UrlRedirectAndRewrite", "6.UrlRedirectAndRewrite", "{4E6719E1-295E-44B2-AD48-D2347F6CC496}"
EndProject
Project("{9A19103F-16F7-4668-BE54-9A1E7A4F7556}") = "UrlRewrite", "UrlRewrite\UrlRewrite.csproj", "{7D680924-0FB0-4D8C-902D-D4DA07D11D0D}"
EndProject
Project("{2150E333-8FDC-42A3-9474-1A3956D46DE8}") = "7.EnvAndConfigFile", "7.EnvAndConfigFile", "{F797D010-9DE2-49E6-8A9E-DEC5FB63DE4F}"
EndProject
Project("{9A19103F-16F7-4668-BE54-9A1E7A4F7556}") = "EnvConfig1", "EnvConfig1\EnvConfig1.csproj", "{E2D2AFE7-8FF4-4961-9E06-FAA3FCBC232A}"
EndProject
Project("{9A19103F-16F7-4668-BE54-9A1E7A4F7556}") = "EnvConfigView", "EnvConfigView\EnvConfigView.csproj", "{CCB73FEF-BF1F-449D-A784-62C5BD08AC6E}"
EndProject
Project("{9A19103F-16F7-4668-BE54-9A1E7A4F7556}") = "UseOptions", "UseOptions\UseOptions.csproj", "{73F5B01A-05B4-424A-8D38-3B9BFC80B408}"
EndProject
Project("{9A19103F-16F7-4668-BE54-9A1E7A4F7556}") = "ConsoleConfig", "ConsoleConfig\ConsoleConfig.csproj", "{7B6EBF65-2635-481E-ABAA-8EF6C8383113}"
EndProject
Project("{2150E333-8FDC-42A3-9474-1A3956D46DE8}") = "8.Log", "8.Log", "{AC72E791-53E0-4CAE-8669-8A7E65CAB7BF}"
EndProject
Project("{9A19103F-16F7-4668-BE54-9A1E7A4F7556}") = "LogSample1", "LogSample1\LogSample1.csproj", "{BA82FAE5-19C1-4879-AD03-F39D94B4DD7C}"
EndProject
Project("{2150E333-8FDC-42A3-9474-1A3956D46DE8}") = "9.StaticFileAutoCompile", "9.StaticFileAutoCompile", "{4941735D-FEA0-463F-B3D1-7F3E45B415EB}"
EndProject
Project("{9A19103F-16F7-4668-BE54-9A1E7A4F7556}") = "StaticFileAutoCompile", "StaticFileAutoCompile\StaticFileAutoCompile.csproj", "{A2DA0AC9-9DE3-48F1-BCDD-443B40A43BAF}"
EndProject
Project("{FAE04EC0-301F-11D3-BF4B-00C04F79EFBC}") = "React", "React\React.csproj", "{8DEB80F6-1896-42D4-992C-5460DF2AC93C}"
EndProject
Project("{FAE04EC0-301F-11D3-BF4B-00C04F79EFBC}") = "LessSample", "LessSample\LessSample.csproj", "{BE74BB69-23D8-4282-8DDA-B9D0D590C37D}"
EndProject
Project("{FAE04EC0-301F-11D3-BF4B-00C04F79EFBC}") = "FileProviderSample", "FileProviderSample\FileProviderSample.csproj", "{9E705987-74B3-4EB2-94A3-35A305AB9314}"
EndProject
Project("{2150E333-8FDC-42A3-9474-1A3956D46DE8}") = "10.webhost", "10.webhost", "{E28D0E0E-6B4A-4CAD-BCAB-7FA58F9FA16C}"
EndProject
Project("{FAE04EC0-301F-11D3-BF4B-00C04F79EFBC}") = "WebHost", "WebHost\WebHost.csproj", "{B332F36D-541E-49E7-A9B8-977C346EFA19}"
EndProject
Global
	GlobalSection(SolutionConfigurationPlatforms) = preSolution
		Debug|Any CPU = Debug|Any CPU
		Release|Any CPU = Release|Any CPU
	EndGlobalSection
	GlobalSection(ProjectConfigurationPlatforms) = postSolution
		{E30EDCAC-1761-4FA8-80C3-C595520DE842}.Debug|Any CPU.ActiveCfg = Debug|Any CPU
		{E30EDCAC-1761-4FA8-80C3-C595520DE842}.Debug|Any CPU.Build.0 = Debug|Any CPU
		{E30EDCAC-1761-4FA8-80C3-C595520DE842}.Release|Any CPU.ActiveCfg = Release|Any CPU
		{E30EDCAC-1761-4FA8-80C3-C595520DE842}.Release|Any CPU.Build.0 = Release|Any CPU
		{067B70D4-8706-4283-9A55-309775DA91AC}.Debug|Any CPU.ActiveCfg = Debug|Any CPU
		{067B70D4-8706-4283-9A55-309775DA91AC}.Debug|Any CPU.Build.0 = Debug|Any CPU
		{067B70D4-8706-4283-9A55-309775DA91AC}.Release|Any CPU.ActiveCfg = Release|Any CPU
		{067B70D4-8706-4283-9A55-309775DA91AC}.Release|Any CPU.Build.0 = Release|Any CPU
		{CAB84B45-D33E-4CDD-8D9F-D90B5DE0475E}.Debug|Any CPU.ActiveCfg = Debug|Any CPU
		{CAB84B45-D33E-4CDD-8D9F-D90B5DE0475E}.Debug|Any CPU.Build.0 = Debug|Any CPU
		{CAB84B45-D33E-4CDD-8D9F-D90B5DE0475E}.Release|Any CPU.ActiveCfg = Release|Any CPU
		{CAB84B45-D33E-4CDD-8D9F-D90B5DE0475E}.Release|Any CPU.Build.0 = Release|Any CPU
		{95E3008B-98FD-4F91-AF98-2B17102D1E1D}.Debug|Any CPU.ActiveCfg = Debug|Any CPU
		{95E3008B-98FD-4F91-AF98-2B17102D1E1D}.Debug|Any CPU.Build.0 = Debug|Any CPU
		{95E3008B-98FD-4F91-AF98-2B17102D1E1D}.Release|Any CPU.ActiveCfg = Release|Any CPU
		{95E3008B-98FD-4F91-AF98-2B17102D1E1D}.Release|Any CPU.Build.0 = Release|Any CPU
		{CAE975F5-2F67-4F2D-B886-615F92ABF2FB}.Debug|Any CPU.ActiveCfg = Debug|Any CPU
		{CAE975F5-2F67-4F2D-B886-615F92ABF2FB}.Debug|Any CPU.Build.0 = Debug|Any CPU
		{CAE975F5-2F67-4F2D-B886-615F92ABF2FB}.Release|Any CPU.ActiveCfg = Release|Any CPU
		{CAE975F5-2F67-4F2D-B886-615F92ABF2FB}.Release|Any CPU.Build.0 = Release|Any CPU
		{7D680924-0FB0-4D8C-902D-D4DA07D11D0D}.Debug|Any CPU.ActiveCfg = Debug|Any CPU
		{7D680924-0FB0-4D8C-902D-D4DA07D11D0D}.Debug|Any CPU.Build.0 = Debug|Any CPU
		{7D680924-0FB0-4D8C-902D-D4DA07D11D0D}.Release|Any CPU.ActiveCfg = Release|Any CPU
		{7D680924-0FB0-4D8C-902D-D4DA07D11D0D}.Release|Any CPU.Build.0 = Release|Any CPU
		{E2D2AFE7-8FF4-4961-9E06-FAA3FCBC232A}.Debug|Any CPU.ActiveCfg = Debug|Any CPU
		{E2D2AFE7-8FF4-4961-9E06-FAA3FCBC232A}.Debug|Any CPU.Build.0 = Debug|Any CPU
		{E2D2AFE7-8FF4-4961-9E06-FAA3FCBC232A}.Release|Any CPU.ActiveCfg = Release|Any CPU
		{E2D2AFE7-8FF4-4961-9E06-FAA3FCBC232A}.Release|Any CPU.Build.0 = Release|Any CPU
		{CCB73FEF-BF1F-449D-A784-62C5BD08AC6E}.Debug|Any CPU.ActiveCfg = Debug|Any CPU
		{CCB73FEF-BF1F-449D-A784-62C5BD08AC6E}.Debug|Any CPU.Build.0 = Debug|Any CPU
		{CCB73FEF-BF1F-449D-A784-62C5BD08AC6E}.Release|Any CPU.ActiveCfg = Release|Any CPU
		{CCB73FEF-BF1F-449D-A784-62C5BD08AC6E}.Release|Any CPU.Build.0 = Release|Any CPU
		{73F5B01A-05B4-424A-8D38-3B9BFC80B408}.Debug|Any CPU.ActiveCfg = Debug|Any CPU
		{73F5B01A-05B4-424A-8D38-3B9BFC80B408}.Debug|Any CPU.Build.0 = Debug|Any CPU
		{73F5B01A-05B4-424A-8D38-3B9BFC80B408}.Release|Any CPU.ActiveCfg = Release|Any CPU
		{73F5B01A-05B4-424A-8D38-3B9BFC80B408}.Release|Any CPU.Build.0 = Release|Any CPU
		{7B6EBF65-2635-481E-ABAA-8EF6C8383113}.Debug|Any CPU.ActiveCfg = Debug|Any CPU
		{7B6EBF65-2635-481E-ABAA-8EF6C8383113}.Debug|Any CPU.Build.0 = Debug|Any CPU
		{7B6EBF65-2635-481E-ABAA-8EF6C8383113}.Release|Any CPU.ActiveCfg = Release|Any CPU
		{7B6EBF65-2635-481E-ABAA-8EF6C8383113}.Release|Any CPU.Build.0 = Release|Any CPU
		{BA82FAE5-19C1-4879-AD03-F39D94B4DD7C}.Debug|Any CPU.ActiveCfg = Debug|Any CPU
		{BA82FAE5-19C1-4879-AD03-F39D94B4DD7C}.Debug|Any CPU.Build.0 = Debug|Any CPU
		{BA82FAE5-19C1-4879-AD03-F39D94B4DD7C}.Release|Any CPU.ActiveCfg = Release|Any CPU
		{BA82FAE5-19C1-4879-AD03-F39D94B4DD7C}.Release|Any CPU.Build.0 = Release|Any CPU
		{A2DA0AC9-9DE3-48F1-BCDD-443B40A43BAF}.Debug|Any CPU.ActiveCfg = Debug|Any CPU
		{A2DA0AC9-9DE3-48F1-BCDD-443B40A43BAF}.Debug|Any CPU.Build.0 = Debug|Any CPU
		{A2DA0AC9-9DE3-48F1-BCDD-443B40A43BAF}.Release|Any CPU.ActiveCfg = Release|Any CPU
		{A2DA0AC9-9DE3-48F1-BCDD-443B40A43BAF}.Release|Any CPU.Build.0 = Release|Any CPU
		{8DEB80F6-1896-42D4-992C-5460DF2AC93C}.Debug|Any CPU.ActiveCfg = Debug|Any CPU
		{8DEB80F6-1896-42D4-992C-5460DF2AC93C}.Debug|Any CPU.Build.0 = Debug|Any CPU
		{8DEB80F6-1896-42D4-992C-5460DF2AC93C}.Release|Any CPU.ActiveCfg = Release|Any CPU
		{8DEB80F6-1896-42D4-992C-5460DF2AC93C}.Release|Any CPU.Build.0 = Release|Any CPU
		{BE74BB69-23D8-4282-8DDA-B9D0D590C37D}.Debug|Any CPU.ActiveCfg = Debug|Any CPU
		{BE74BB69-23D8-4282-8DDA-B9D0D590C37D}.Debug|Any CPU.Build.0 = Debug|Any CPU
		{BE74BB69-23D8-4282-8DDA-B9D0D590C37D}.Release|Any CPU.ActiveCfg = Release|Any CPU
		{BE74BB69-23D8-4282-8DDA-B9D0D590C37D}.Release|Any CPU.Build.0 = Release|Any CPU
		{9E705987-74B3-4EB2-94A3-35A305AB9314}.Debug|Any CPU.ActiveCfg = Debug|Any CPU
		{9E705987-74B3-4EB2-94A3-35A305AB9314}.Debug|Any CPU.Build.0 = Debug|Any CPU
		{9E705987-74B3-4EB2-94A3-35A305AB9314}.Release|Any CPU.ActiveCfg = Release|Any CPU
		{9E705987-74B3-4EB2-94A3-35A305AB9314}.Release|Any CPU.Build.0 = Release|Any CPU
		{B332F36D-541E-49E7-A9B8-977C346EFA19}.Debug|Any CPU.ActiveCfg = Debug|Any CPU
		{B332F36D-541E-49E7-A9B8-977C346EFA19}.Debug|Any CPU.Build.0 = Debug|Any CPU
		{B332F36D-541E-49E7-A9B8-977C346EFA19}.Release|Any CPU.ActiveCfg = Release|Any CPU
		{B332F36D-541E-49E7-A9B8-977C346EFA19}.Release|Any CPU.Build.0 = Release|Any CPU
	EndGlobalSection
	GlobalSection(SolutionProperties) = preSolution
		HideSolutionNode = FALSE
	EndGlobalSection
	GlobalSection(NestedProjects) = preSolution
		{E30EDCAC-1761-4FA8-80C3-C595520DE842} = {F9D81A25-3964-47C3-8D64-4914424867A5}
		{067B70D4-8706-4283-9A55-309775DA91AC} = {825CC08D-ADE4-46B9-9A98-E2575307CBDB}
		{CAB84B45-D33E-4CDD-8D9F-D90B5DE0475E} = {2E3C9FF9-9A27-4599-BC89-929375091BC3}
		{95E3008B-98FD-4F91-AF98-2B17102D1E1D} = {2E3C9FF9-9A27-4599-BC89-929375091BC3}
		{CAE975F5-2F67-4F2D-B886-615F92ABF2FB} = {EA4B8464-893B-4B87-B9DB-1D643E7BBFEC}
		{7D680924-0FB0-4D8C-902D-D4DA07D11D0D} = {4E6719E1-295E-44B2-AD48-D2347F6CC496}
		{E2D2AFE7-8FF4-4961-9E06-FAA3FCBC232A} = {F797D010-9DE2-49E6-8A9E-DEC5FB63DE4F}
		{CCB73FEF-BF1F-449D-A784-62C5BD08AC6E} = {F797D010-9DE2-49E6-8A9E-DEC5FB63DE4F}
		{73F5B01A-05B4-424A-8D38-3B9BFC80B408} = {F797D010-9DE2-49E6-8A9E-DEC5FB63DE4F}
		{7B6EBF65-2635-481E-ABAA-8EF6C8383113} = {F797D010-9DE2-49E6-8A9E-DEC5FB63DE4F}
		{BA82FAE5-19C1-4879-AD03-F39D94B4DD7C} = {AC72E791-53E0-4CAE-8669-8A7E65CAB7BF}
		{A2DA0AC9-9DE3-48F1-BCDD-443B40A43BAF} = {4941735D-FEA0-463F-B3D1-7F3E45B415EB}
		{8DEB80F6-1896-42D4-992C-5460DF2AC93C} = {F9D81A25-3964-47C3-8D64-4914424867A5}
		{BE74BB69-23D8-4282-8DDA-B9D0D590C37D} = {4941735D-FEA0-463F-B3D1-7F3E45B415EB}
		{9E705987-74B3-4EB2-94A3-35A305AB9314} = {4941735D-FEA0-463F-B3D1-7F3E45B415EB}
		{B332F36D-541E-49E7-A9B8-977C346EFA19} = {E28D0E0E-6B4A-4CAD-BCAB-7FA58F9FA16C}
	EndGlobalSection
	GlobalSection(ExtensibilityGlobals) = postSolution
		SolutionGuid = {D7C92FCD-8B36-4C99-AB24-63E8FD9D550B}
	EndGlobalSection
EndGlobal
